
Microsoft Visual Studio Solution File, Format Version 12.00
# Visual Studio Version 17
VisualStudioVersion = 17.6.33829.357
MinimumVisualStudioVersion = 10.0.40219.1
Project("{8BC9CEB8-8B4A-11D0-8D11-00A0C91BC942}") = "CMD Atventure Game", "First UI Project.vcxproj", "{34CA48F0-DF83-4E43-80B6-BC808865DEAD}"
EndProject
Global
	GlobalSection(SolutionConfigurationPlatforms) = preSolution
		Debug|x64 = Debug|x64
		Debug|x86 = Debug|x86
		Release|x64 = Release|x64
		Release|x86 = Release|x86
	EndGlobalSection
	GlobalSection(ProjectConfigurationPlatforms) = postSolution
		{34CA48F0-DF83-4E43-80B6-BC808865DEAD}.Debug|x64.ActiveCfg = Debug|x64
		{34CA48F0-DF83-4E43-80B6-BC808865DEAD}.Debug|x64.Build.0 = Debug|x64
		{34CA48F0-DF83-4E43-80B6-BC808865DEAD}.Debug|x86.ActiveCfg = Debug|Win32
		{34CA48F0-DF83-4E43-80B6-BC808865DEAD}.Debug|x86.Build.0 = Debug|Win32
		{34CA48F0-DF83-4E43-80B6-BC808865DEAD}.Release|x64.ActiveCfg = Release|x64
		{34CA48F0-DF83-4E43-80B6-BC808865DEAD}.Release|x64.Build.0 = Release|x64
		{34CA48F0-DF83-4E43-80B6-BC808865DEAD}.Release|x86.ActiveCfg = Release|Win32
		{34CA48F0-DF83-4E43-80B6-BC808865DEAD}.Release|x86.Build.0 = Release|Win32
	EndGlobalSection
	GlobalSection(SolutionProperties) = preSolution
		HideSolutionNode = FALSE
	EndGlobalSection
	GlobalSection(ExtensibilityGlobals) = postSolution
		SolutionGuid = {020DCE90-35E9-4A3F-8E97-4CBB99E94A02}
	EndGlobalSection
EndGlobal
